
Microsoft Visual Studio Solution File, Format Version 12.00
# Visual Studio Version 16
VisualStudioVersion = 16.0.31005.135
MinimumVisualStudioVersion = 10.0.40219.1
Project("{FAE04EC0-301F-11D3-BF4B-00C04F79EFBC}") = "TicTacToe", "TicTacToe\TicTacToe.csproj", "{6BDA6368-A775-44CC-A627-9A4BED485218}"
EndProject
Global
	GlobalSection(SolutionConfigurationPlatforms) = preSolution
		Debug|Any CPU = Debug|Any CPU
		Release|Any CPU = Release|Any CPU
	EndGlobalSection
	GlobalSection(ProjectConfigurationPlatforms) = postSolution
		{6BDA6368-A775-44CC-A627-9A4BED485218}.Debug|Any CPU.ActiveCfg = Debug|Any CPU
		{6BDA6368-A775-44CC-A627-9A4BED485218}.Debug|Any CPU.Build.0 = Debug|Any CPU
		{6BDA6368-A775-44CC-A627-9A4BED485218}.Release|Any CPU.ActiveCfg = Release|Any CPU
		{6BDA6368-A775-44CC-A627-9A4BED485218}.Release|Any CPU.Build.0 = Release|Any CPU
	EndGlobalSection
	GlobalSection(SolutionProperties) = preSolution
		HideSolutionNode = FALSE
	EndGlobalSection
	GlobalSection(ExtensibilityGlobals) = postSolution
		SolutionGuid = {10ABF08D-2C61-45AD-B878-1D4DC00A88BD}
	EndGlobalSection
EndGlobal
